
Microsoft Visual Studio Solution File, Format Version 12.00
# Visual Studio Version 17
VisualStudioVersion = 17.13.35913.81 d17.13
MinimumVisualStudioVersion = 10.0.40219.1
Project("{FAE04EC0-301F-11D3-BF4B-00C04F79EFBC}") = "SistemaRefugiados.GUI", "SistemaRefugiados.GUI\SistemaRefugiados.GUI.csproj", "{4D2A78BF-6C0C-4A72-820E-D7117C2ACC7B}"
EndProject
Project("{FAE04EC0-301F-11D3-BF4B-00C04F79EFBC}") = "ProyectoRefugiados", "..\ProyectoRefugiados\ProyectoRefugiados\ProyectoRefugiados.csproj", "{6B244431-6CDB-0D02-4E17-D48279B9D4E8}"
EndProject
Global
	GlobalSection(SolutionConfigurationPlatforms) = preSolution
		Debug|Any CPU = Debug|Any CPU
		Release|Any CPU = Release|Any CPU
	EndGlobalSection
	GlobalSection(ProjectConfigurationPlatforms) = postSolution
		{4D2A78BF-6C0C-4A72-820E-D7117C2ACC7B}.Debug|Any CPU.ActiveCfg = Debug|Any CPU
		{4D2A78BF-6C0C-4A72-820E-D7117C2ACC7B}.Debug|Any CPU.Build.0 = Debug|Any CPU
		{4D2A78BF-6C0C-4A72-820E-D7117C2ACC7B}.Release|Any CPU.ActiveCfg = Release|Any CPU
		{4D2A78BF-6C0C-4A72-820E-D7117C2ACC7B}.Release|Any CPU.Build.0 = Release|Any CPU
		{6B244431-6CDB-0D02-4E17-D48279B9D4E8}.Debug|Any CPU.ActiveCfg = Debug|Any CPU
		{6B244431-6CDB-0D02-4E17-D48279B9D4E8}.Debug|Any CPU.Build.0 = Debug|Any CPU
		{6B244431-6CDB-0D02-4E17-D48279B9D4E8}.Release|Any CPU.ActiveCfg = Release|Any CPU
		{6B244431-6CDB-0D02-4E17-D48279B9D4E8}.Release|Any CPU.Build.0 = Release|Any CPU
	EndGlobalSection
	GlobalSection(SolutionProperties) = preSolution
		HideSolutionNode = FALSE
	EndGlobalSection
	GlobalSection(ExtensibilityGlobals) = postSolution
		SolutionGuid = {A9B5A82F-6A6C-4213-B645-63FEC937AFB6}
	EndGlobalSection
EndGlobal
